// !$*UTF8*$!
{
	archiveVersion = 1;
	classes = {
	};
	objectVersion = 46;
	objects = {

/* Begin PBXBuildFile section */
		5D507240171A012F0071E380 /* UIKit.framework in Frameworks */ = {isa = PBXBuildFile; fileRef = 5D50723F171A012F0071E380 /* UIKit.framework */; };
		5D507242171A012F0071E380 /* Foundation.framework in Frameworks */ = {isa = PBXBuildFile; fileRef = 5D507241171A012F0071E380 /* Foundation.framework */; };
		5D507244171A012F0071E380 /* CoreGraphics.framework in Frameworks */ = {isa = PBXBuildFile; fileRef = 5D507243171A012F0071E380 /* CoreGraphics.framework */; };
		5D50724A171A012F0071E380 /* InfoPlist.strings in Resources */ = {isa = PBXBuildFile; fileRef = 5D507248171A012F0071E380 /* InfoPlist.strings */; };
		5D50724C171A012F0071E380 /* main.m in Sources */ = {isa = PBXBuildFile; fileRef = 5D50724B171A012F0071E380 /* main.m */; };
		5D507250171A012F0071E380 /* AppDelegate.m in Sources */ = {isa = PBXBuildFile; fileRef = 5D50724F171A012F0071E380 /* AppDelegate.m */; };
		5D507252171A012F0071E380 /* Default.png in Resources */ = {isa = PBXBuildFile; fileRef = 5D507251171A012F0071E380 /* Default.png */; };
		5D507254171A012F0071E380 /* Default@2x.png in Resources */ = {isa = PBXBuildFile; fileRef = 5D507253171A012F0071E380 /* Default@2x.png */; };
		5D507256171A012F0071E380 /* Default-568h@2x.png in Resources */ = {isa = PBXBuildFile; fileRef = 5D507255171A012F0071E380 /* Default-568h@2x.png */; };
		5D507259171A012F0071E380 /* ViewController.m in Sources */ = {isa = PBXBuildFile; fileRef = 5D507258171A012F0071E380 /* ViewController.m */; };
		5D50725C171A012F0071E380 /* ViewController.xib in Resources */ = {isa = PBXBuildFile; fileRef = 5D50725A171A012F0071E380 /* ViewController.xib */; };
		5D507263171A01500071E380 /* sample.m4a in Resources */ = {isa = PBXBuildFile; fileRef = 5D507262171A01500071E380 /* sample.m4a */; };
		5D507267171A017D0071E380 /* EMAudioUtility.m in Sources */ = {isa = PBXBuildFile; fileRef = 5D507266171A017D0071E380 /* EMAudioUtility.m */; };
		5D507269171A018D0071E380 /* AVFoundation.framework in Frameworks */ = {isa = PBXBuildFile; fileRef = 5D507268171A018D0071E380 /* AVFoundation.framework */; };
		5D50726B171B4E240071E380 /* MediaPlayer.framework in Frameworks */ = {isa = PBXBuildFile; fileRef = 5D50726A171B4E240071E380 /* MediaPlayer.framework */; };
		5D50726D171B4EE50071E380 /* artwork.jpg in Resources */ = {isa = PBXBuildFile; fileRef = 5D50726C171B4EE50071E380 /* artwork.jpg */; };
/* End PBXBuildFile section */

/* Begin PBXFileReference section */
		5D50723C171A012F0071E380 /* AudioPlayerTest.app */ = {isa = PBXFileReference; explicitFileType = wrapper.application; includeInIndex = 0; path = AudioPlayerTest.app; sourceTree = BUILT_PRODUCTS_DIR; };
		5D50723F171A012F0071E380 /* UIKit.framework */ = {isa = PBXFileReference; lastKnownFileType = wrapper.framework; name = UIKit.framework; path = System/Library/Frameworks/UIKit.framework; sourceTree = SDKROOT; };
		5D507241171A012F0071E380 /* Foundation.framework */ = {isa = PBXFileReference; lastKnownFileType = wrapper.framework; name = Foundation.framework; path = System/Library/Frameworks/Foundation.framework; sourceTree = SDKROOT; };
		5D507243171A012F0071E380 /* CoreGraphics.framework */ = {isa = PBXFileReference; lastKnownFileType = wrapper.framework; name = CoreGraphics.framework; path = System/Library/Frameworks/CoreGraphics.framework; sourceTree = SDKROOT; };
		5D507247171A012F0071E380 /* AudioPlayerTest-Info.plist */ = {isa = PBXFileReference; lastKnownFileType = text.plist.xml; path = "AudioPlayerTest-Info.plist"; sourceTree = "<group>"; };
		5D507249171A012F0071E380 /* en */ = {isa = PBXFileReference; lastKnownFileType = text.plist.strings; name = en; path = en.lproj/InfoPlist.strings; sourceTree = "<group>"; };
		5D50724B171A012F0071E380 /* main.m */ = {isa = PBXFileReference; lastKnownFileType = sourcecode.c.objc; path = main.m; sourceTree = "<group>"; };
		5D50724D171A012F0071E380 /* AudioPlayerTest-Prefix.pch */ = {isa = PBXFileReference; lastKnownFileType = sourcecode.c.h; path = "AudioPlayerTest-Prefix.pch"; sourceTree = "<group>"; };
		5D50724E171A012F0071E380 /* AppDelegate.h */ = {isa = PBXFileReference; lastKnownFileType = sourcecode.c.h; path = AppDelegate.h; sourceTree = "<group>"; };
		5D50724F171A012F0071E380 /* AppDelegate.m */ = {isa = PBXFileReference; lastKnownFileType = sourcecode.c.objc; path = AppDelegate.m; sourceTree = "<group>"; };
		5D507251171A012F0071E380 /* Default.png */ = {isa = PBXFileReference; lastKnownFileType = image.png; path = Default.png; sourceTree = "<group>"; };
		5D507253171A012F0071E380 /* Default@2x.png */ = {isa = PBXFileReference; lastKnownFileType = image.png; path = "Default@2x.png"; sourceTree = "<group>"; };
		5D507255171A012F0071E380 /* Default-568h@2x.png */ = {isa = PBXFileReference; lastKnownFileType = image.png; path = "Default-568h@2x.png"; sourceTree = "<group>"; };
		5D507257171A012F0071E380 /* ViewController.h */ = {isa = PBXFileReference; lastKnownFileType = sourcecode.c.h; path = ViewController.h; sourceTree = "<group>"; };
		5D507258171A012F0071E380 /* ViewController.m */ = {isa = PBXFileReference; lastKnownFileType = sourcecode.c.objc; path = ViewController.m; sourceTree = "<group>"; };
		5D50725B171A012F0071E380 /* en */ = {isa = PBXFileReference; lastKnownFileType = file.xib; name = en; path = en.lproj/ViewController.xib; sourceTree = "<group>"; };
		5D507262171A01500071E380 /* sample.m4a */ = {isa = PBXFileReference; lastKnownFileType = file; path = sample.m4a; sourceTree = "<group>"; };
		5D507265171A017D0071E380 /* EMAudioUtility.h */ = {isa = PBXFileReference; fileEncoding = 4; lastKnownFileType = sourcecode.c.h; path = EMAudioUtility.h; sourceTree = "<group>"; };
		5D507266171A017D0071E380 /* EMAudioUtility.m */ = {isa = PBXFileReference; fileEncoding = 4; lastKnownFileType = sourcecode.c.objc; path = EMAudioUtility.m; sourceTree = "<group>"; };
		5D507268171A018D0071E380 /* AVFoundation.framework */ = {isa = PBXFileReference; lastKnownFileType = wrapper.framework; name = AVFoundation.framework; path = System/Library/Frameworks/AVFoundation.framework; sourceTree = SDKROOT; };
		5D50726A171B4E240071E380 /* MediaPlayer.framework */ = {isa = PBXFileReference; lastKnownFileType = wrapper.framework; name = MediaPlayer.framework; path = System/Library/Frameworks/MediaPlayer.framework; sourceTree = SDKROOT; };
		5D50726C171B4EE50071E380 /* artwork.jpg */ = {isa = PBXFileReference; lastKnownFileType = image.jpeg; path = artwork.jpg; sourceTree = "<group>"; };
/* End PBXFileReference section */

/* Begin PBXFrameworksBuildPhase section */
		5D507239171A012F0071E380 /* Frameworks */ = {
			isa = PBXFrameworksBuildPhase;
			buildActionMask = 2147483647;
			files = (
				5D50726B171B4E240071E380 /* MediaPlayer.framework in Frameworks */,
				5D507269171A018D0071E380 /* AVFoundation.framework in Frameworks */,
				5D507240171A012F0071E380 /* UIKit.framework in Frameworks */,
				5D507242171A012F0071E380 /* Foundation.framework in Frameworks */,
				5D507244171A012F0071E380 /* CoreGraphics.framework in Frameworks */,
			);
			runOnlyForDeploymentPostprocessing = 0;
		};
/* End PBXFrameworksBuildPhase section */

/* Begin PBXGroup section */
		5D507233171A012F0071E380 = {
			isa = PBXGroup;
			children = (
				5D50726A171B4E240071E380 /* MediaPlayer.framework */,
				5D507245171A012F0071E380 /* AudioPlayerTest */,
				5D50723E171A012F0071E380 /* Frameworks */,
				5D50723D171A012F0071E380 /* Products */,
			);
			sourceTree = "<group>";
		};
		5D50723D171A012F0071E380 /* Products */ = {
			isa = PBXGroup;
			children = (
				5D50723C171A012F0071E380 /* AudioPlayerTest.app */,
			);
			name = Products;
			sourceTree = "<group>";
		};
		5D50723E171A012F0071E380 /* Frameworks */ = {
			isa = PBXGroup;
			children = (
				5D507268171A018D0071E380 /* AVFoundation.framework */,
				5D50723F171A012F0071E380 /* UIKit.framework */,
				5D507241171A012F0071E380 /* Foundation.framework */,
				5D507243171A012F0071E380 /* CoreGraphics.framework */,
			);
			name = Frameworks;
			sourceTree = "<group>";
		};
		5D507245171A012F0071E380 /* AudioPlayerTest */ = {
			isa = PBXGroup;
			children = (
				5D507264171A016A0071E380 /* audio utility */,
				5D50724E171A012F0071E380 /* AppDelegate.h */,
				5D50724F171A012F0071E380 /* AppDelegate.m */,
				5D507257171A012F0071E380 /* ViewController.h */,
				5D507258171A012F0071E380 /* ViewController.m */,
				5D50725A171A012F0071E380 /* ViewController.xib */,
				5D507246171A012F0071E380 /* Supporting Files */,
			);
			path = AudioPlayerTest;
			sourceTree = "<group>";
		};
		5D507246171A012F0071E380 /* Supporting Files */ = {
			isa = PBXGroup;
			children = (
				5D50726C171B4EE50071E380 /* artwork.jpg */,
				5D507262171A01500071E380 /* sample.m4a */,
				5D507247171A012F0071E380 /* AudioPlayerTest-Info.plist */,
				5D507248171A012F0071E380 /* InfoPlist.strings */,
				5D50724B171A012F0071E380 /* main.m */,
				5D50724D171A012F0071E380 /* AudioPlayerTest-Prefix.pch */,
				5D507251171A012F0071E380 /* Default.png */,
				5D507253171A012F0071E380 /* Default@2x.png */,
				5D507255171A012F0071E380 /* Default-568h@2x.png */,
			);
			name = "Supporting Files";
			sourceTree = "<group>";
		};
		5D507264171A016A0071E380 /* audio utility */ = {
			isa = PBXGroup;
			children = (
				5D507265171A017D0071E380 /* EMAudioUtility.h */,
				5D507266171A017D0071E380 /* EMAudioUtility.m */,
			);
			name = "audio utility";
			sourceTree = "<group>";
		};
/* End PBXGroup section */

/* Begin PBXNativeTarget section */
		5D50723B171A012F0071E380 /* AudioPlayerTest */ = {
			isa = PBXNativeTarget;
			buildConfigurationList = 5D50725F171A012F0071E380 /* Build configuration list for PBXNativeTarget "AudioPlayerTest" */;
			buildPhases = (
				5D507238171A012F0071E380 /* Sources */,
				5D507239171A012F0071E380 /* Frameworks */,
				5D50723A171A012F0071E380 /* Resources */,
			);
			buildRules = (
			);
			dependencies = (
			);
			name = AudioPlayerTest;
			productName = AudioPlayerTest;
			productReference = 5D50723C171A012F0071E380 /* AudioPlayerTest.app */;
			productType = "com.apple.product-type.application";
		};
/* End PBXNativeTarget section */

/* Begin PBXProject section */
		5D507234171A012F0071E380 /* Project object */ = {
			isa = PBXProject;
			attributes = {
				LastUpgradeCheck = 0460;
				ORGANIZATIONNAME = "Eric McConkie";
			};
			buildConfigurationList = 5D507237171A012F0071E380 /* Build configuration list for PBXProject "AudioPlayerTest" */;
			compatibilityVersion = "Xcode 3.2";
			developmentRegion = English;
			hasScannedForEncodings = 0;
			knownRegions = (
				en,
			);
			mainGroup = 5D507233171A012F0071E380;
			productRefGroup = 5D50723D171A012F0071E380 /* Products */;
			projectDirPath = "";
			projectRoot = "";
			targets = (
				5D50723B171A012F0071E380 /* AudioPlayerTest */,
			);
		};
/* End PBXProject section */

/* Begin PBXResourcesBuildPhase section */
		5D50723A171A012F0071E380 /* Resources */ = {
			isa = PBXResourcesBuildPhase;
			buildActionMask = 2147483647;
			files = (
				5D50724A171A012F0071E380 /* InfoPlist.strings in Resources */,
				5D507252171A012F0071E380 /* Default.png in Resources */,
				5D507254171A012F0071E380 /* Default@2x.png in Resources */,
				5D507256171A012F0071E380 /* Default-568h@2x.png in Resources */,
				5D50725C171A012F0071E380 /* ViewController.xib in Resources */,
				5D507263171A01500071E380 /* sample.m4a in Resources */,
				5D50726D171B4EE50071E380 /* artwork.jpg in Resources */,
			);
			runOnlyForDeploymentPostprocessing = 0;
		};
/* End PBXResourcesBuildPhase section */

/* Begin PBXSourcesBuildPhase section */
		5D507238171A012F0071E380 /* Sources */ = {
			isa = PBXSourcesBuildPhase;
			buildActionMask = 2147483647;
			files = (
				5D50724C171A012F0071E380 /* main.m in Sources */,
				5D507250171A012F0071E380 /* AppDelegate.m in Sources */,
				5D507259171A012F0071E380 /* ViewController.m in Sources */,
				5D507267171A017D0071E380 /* EMAudioUtility.m in Sources */,
			);
			runOnlyForDeploymentPostprocessing = 0;
		};
/* End PBXSourcesBuildPhase section */

/* Begin PBXVariantGroup section */
		5D507248171A012F0071E380 /* InfoPlist.strings */ = {
			isa = PBXVariantGroup;
			children = (
				5D507249171A012F0071E380 /* en */,
			);
			name = InfoPlist.strings;
			sourceTree = "<group>";
		};
		5D50725A171A012F0071E380 /* ViewController.xib */ = {
			isa = PBXVariantGroup;
			children = (
				5D50725B171A012F0071E380 /* en */,
			);
			name = ViewController.xib;
			sourceTree = "<group>";
		};
/* End PBXVariantGroup section */

/* Begin XCBuildConfiguration section */
		5D50725D171A012F0071E380 /* Debug */ = {
			isa = XCBuildConfiguration;
			buildSettings = {
				ALWAYS_SEARCH_USER_PATHS = NO;
				CLANG_CXX_LANGUAGE_STANDARD = "gnu++0x";
				CLANG_CXX_LIBRARY = "libc++";
				CLANG_ENABLE_OBJC_ARC = YES;
				CLANG_WARN_CONSTANT_CONVERSION = YES;
				CLANG_WARN_EMPTY_BODY = YES;
				CLANG_WARN_ENUM_CONVERSION = YES;
				CLANG_WARN_INT_CONVERSION = YES;
				CLANG_WARN__DUPLICATE_METHOD_MATCH = YES;
				"CODE_SIGN_IDENTITY[sdk=iphoneos*]" = "iPhone Developer";
				COPY_PHASE_STRIP = NO;
				GCC_C_LANGUAGE_STANDARD = gnu99;
				GCC_DYNAMIC_NO_PIC = NO;
				GCC_OPTIMIZATION_LEVEL = 0;
				GCC_PREPROCESSOR_DEFINITIONS = (
					"DEBUG=1",
					"$(inherited)",
				);
				GCC_SYMBOLS_PRIVATE_EXTERN = NO;
				GCC_WARN_ABOUT_RETURN_TYPE = YES;
				GCC_WARN_UNINITIALIZED_AUTOS = YES;
				GCC_WARN_UNUSED_VARIABLE = YES;
				IPHONEOS_DEPLOYMENT_TARGET = 6.1;
				ONLY_ACTIVE_ARCH = YES;
				SDKROOT = iphoneos;
			};
			name = Debug;
		};
		5D50725E171A012F0071E380 /* Release */ = {
			isa = XCBuildConfiguration;
			buildSettings = {
				ALWAYS_SEARCH_USER_PATHS = NO;
				CLANG_CXX_LANGUAGE_STANDARD = "gnu++0x";
				CLANG_CXX_LIBRARY = "libc++";
				CLANG_ENABLE_OBJC_ARC = YES;
				CLANG_WARN_CONSTANT_CONVERSION = YES;
				CLANG_WARN_EMPTY_BODY = YES;
				CLANG_WARN_ENUM_CONVERSION = YES;
				CLANG_WARN_INT_CONVERSION = YES;
				CLANG_WARN__DUPLICATE_METHOD_MATCH = YES;
				"CODE_SIGN_IDENTITY[sdk=iphoneos*]" = "iPhone Developer";
				COPY_PHASE_STRIP = YES;
				GCC_C_LANGUAGE_STANDARD = gnu99;
				GCC_WARN_ABOUT_RETURN_TYPE = YES;
				GCC_WARN_UNINITIALIZED_AUTOS = YES;
				GCC_WARN_UNUSED_VARIABLE = YES;
				IPHONEOS_DEPLOYMENT_TARGET = 6.1;
				OTHER_CFLAGS = "-DNS_BLOCK_ASSERTIONS=1";
				SDKROOT = iphoneos;
				VALIDATE_PRODUCT = YES;
			};
			name = Release;
		};
		5D507260171A012F0071E380 /* Debug */ = {
			isa = XCBuildConfiguration;
			buildSettings = {
				CODE_SIGN_IDENTITY = "iPhone Developer: Eric McConkie (WN5J722HHS)";
				"CODE_SIGN_IDENTITY[sdk=iphoneos*]" = "iPhone Developer: Eric McConkie (WN5J722HHS)";
				GCC_PRECOMPILE_PREFIX_HEADER = YES;
				GCC_PREFIX_HEADER = "AudioPlayerTest/AudioPlayerTest-Prefix.pch";
				GCC_TREAT_WARNINGS_AS_ERRORS = YES;
				INFOPLIST_FILE = "AudioPlayerTest/AudioPlayerTest-Info.plist";
				PRODUCT_NAME = "$(TARGET_NAME)";
				PROVISIONING_PROFILE = "417F0CF0-D71B-4724-80CE-23E35589AFD3";
				"PROVISIONING_PROFILE[sdk=iphoneos*]" = "417F0CF0-D71B-4724-80CE-23E35589AFD3";
				WRAPPER_EXTENSION = app;
			};
			name = Debug;
		};
		5D507261171A012F0071E380 /* Release */ = {
			isa = XCBuildConfiguration;
			buildSettings = {
				GCC_PRECOMPILE_PREFIX_HEADER = YES;
				GCC_PREFIX_HEADER = "AudioPlayerTest/AudioPlayerTest-Prefix.pch";
				GCC_TREAT_WARNINGS_AS_ERRORS = YES;
				INFOPLIST_FILE = "AudioPlayerTest/AudioPlayerTest-Info.plist";
				PRODUCT_NAME = "$(TARGET_NAME)";
				WRAPPER_EXTENSION = app;
			};
			name = Release;
		};
/* End XCBuildConfiguration section */

/* Begin XCConfigurationList section */
		5D507237171A012F0071E380 /* Build configuration list for PBXProject "AudioPlayerTest" */ = {
			isa = XCConfigurationList;
			buildConfigurations = (
				5D50725D171A012F0071E380 /* Debug */,
				5D50725E171A012F0071E380 /* Release */,
			);
			defaultConfigurationIsVisible = 0;
			defaultConfigurationName = Release;
		};
		5D50725F171A012F0071E380 /* Build configuration list for PBXNativeTarget "AudioPlayerTest" */ = {
			isa = XCConfigurationList;
			buildConfigurations = (
				5D507260171A012F0071E380 /* Debug */,
				5D507261171A012F0071E380 /* Release */,
			);
			defaultConfigurationIsVisible = 0;
			defaultConfigurationName = Release;
		};
/* End XCConfigurationList section */
	};
	rootObject = 5D507234171A012F0071E380 /* Project object */;
}
